
Microsoft Visual Studio Solution File, Format Version 12.00
# Visual Studio Version 17
VisualStudioVersion = 17.7.34031.279
MinimumVisualStudioVersion = 10.0.40219.1
Project("{FAE04EC0-301F-11D3-BF4B-00C04F79EFBC}") = "Week15OOPAndFiles", "Week15OOPAndFiles\Week15OOPAndFiles.csproj", "{97018107-F1BD-4075-9469-0BFD27F207AD}"
EndProject
Project("{FAE04EC0-301F-11D3-BF4B-00C04F79EFBC}") = "FrozenSecretSanta", "FrozenSecretSanta\FrozenSecretSanta.csproj", "{1CB91F28-98FE-4C70-A399-2FF667D5A07A}"
EndProject
Global
	GlobalSection(SolutionConfigurationPlatforms) = preSolution
		Debug|Any CPU = Debug|Any CPU
		Release|Any CPU = Release|Any CPU
	EndGlobalSection
	GlobalSection(ProjectConfigurationPlatforms) = postSolution
		{97018107-F1BD-4075-9469-0BFD27F207AD}.Debug|Any CPU.ActiveCfg = Debug|Any CPU
		{97018107-F1BD-4075-9469-0BFD27F207AD}.Debug|Any CPU.Build.0 = Debug|Any CPU
		{97018107-F1BD-4075-9469-0BFD27F207AD}.Release|Any CPU.ActiveCfg = Release|Any CPU
		{97018107-F1BD-4075-9469-0BFD27F207AD}.Release|Any CPU.Build.0 = Release|Any CPU
		{1CB91F28-98FE-4C70-A399-2FF667D5A07A}.Debug|Any CPU.ActiveCfg = Debug|Any CPU
		{1CB91F28-98FE-4C70-A399-2FF667D5A07A}.Debug|Any CPU.Build.0 = Debug|Any CPU
		{1CB91F28-98FE-4C70-A399-2FF667D5A07A}.Release|Any CPU.ActiveCfg = Release|Any CPU
		{1CB91F28-98FE-4C70-A399-2FF667D5A07A}.Release|Any CPU.Build.0 = Release|Any CPU
	EndGlobalSection
	GlobalSection(SolutionProperties) = preSolution
		HideSolutionNode = FALSE
	EndGlobalSection
	GlobalSection(ExtensibilityGlobals) = postSolution
		SolutionGuid = {C2519472-F410-4891-B58D-19A0B951672A}
	EndGlobalSection
EndGlobal
